
Microsoft Visual Studio Solution File, Format Version 12.00
# Visual Studio 15
VisualStudioVersion = 15.0.27004.2002
MinimumVisualStudioVersion = 10.0.40219.1
Project("{FAE04EC0-301F-11D3-BF4B-00C04F79EFBC}") = "FizzBuzz", "FizzBuzz\FizzBuzz.csproj", "{F2B10781-0900-4152-BA9E-1839A161555A}"
EndProject
Global
	GlobalSection(SolutionConfigurationPlatforms) = preSolution
		Debug|Any CPU = Debug|Any CPU
		Release|Any CPU = Release|Any CPU
	EndGlobalSection
	GlobalSection(ProjectConfigurationPlatforms) = postSolution
		{F2B10781-0900-4152-BA9E-1839A161555A}.Debug|Any CPU.ActiveCfg = Debug|Any CPU
		{F2B10781-0900-4152-BA9E-1839A161555A}.Debug|Any CPU.Build.0 = Debug|Any CPU
		{F2B10781-0900-4152-BA9E-1839A161555A}.Release|Any CPU.ActiveCfg = Release|Any CPU
		{F2B10781-0900-4152-BA9E-1839A161555A}.Release|Any CPU.Build.0 = Release|Any CPU
	EndGlobalSection
	GlobalSection(SolutionProperties) = preSolution
		HideSolutionNode = FALSE
	EndGlobalSection
	GlobalSection(ExtensibilityGlobals) = postSolution
		SolutionGuid = {6FC20C57-EF36-464B-AF84-33C6CD9D22BF}
	EndGlobalSection
EndGlobal
